
Microsoft Visual Studio Solution File, Format Version 12.00
# Visual Studio Version 16
VisualStudioVersion = 16.0.31205.134
MinimumVisualStudioVersion = 10.0.40219.1
Project("{8BC9CEB8-8B4A-11D0-8D11-00A0C91BC942}") = "XInputInterface", "XInputInterface\XInputInterface.vcxproj", "{1967D61A-FB64-463C-BB3C-BB6E90FBC76F}"
EndProject
Project("{9A19103F-16F7-4668-BE54-9A1E7A4F7556}") = "XInputDotNetPure", "XInputDotNetPure\XInputDotNetPure.csproj", "{DAAF914A-3986-4B05-9F56-1E3E4A4CAA00}"
EndProject
Project("{9A19103F-16F7-4668-BE54-9A1E7A4F7556}") = "XInputDemo", "XInputDemo\XInputDemo.csproj", "{F513BF02-FDB6-4862-AE99-076D90561EB3}"
EndProject
Project("{2150E333-8FDC-42A3-9474-1A3956D46DE8}") = "Solution Items", "Solution Items", "{5507E825-9958-4CF3-9E46-0ED332439CE0}"
	ProjectSection(SolutionItems) = preProject
		.editorconfig = .editorconfig
		.gitignore = .gitignore
		MITLicense.txt = MITLicense.txt
		readme.md = readme.md
	EndProjectSection
EndProject
Global
	GlobalSection(SolutionConfigurationPlatforms) = preSolution
		Debug|Any CPU = Debug|Any CPU
		Debug|x64 = Debug|x64
		Debug|x86 = Debug|x86
		Release|Any CPU = Release|Any CPU
		Release|x64 = Release|x64
		Release|x86 = Release|x86
	EndGlobalSection
	GlobalSection(ProjectConfigurationPlatforms) = postSolution
		{1967D61A-FB64-463C-BB3C-BB6E90FBC76F}.Debug|Any CPU.ActiveCfg = Debug|Win32
		{1967D61A-FB64-463C-BB3C-BB6E90FBC76F}.Debug|x64.ActiveCfg = Debug|x64
		{1967D61A-FB64-463C-BB3C-BB6E90FBC76F}.Debug|x64.Build.0 = Debug|x64
		{1967D61A-FB64-463C-BB3C-BB6E90FBC76F}.Debug|x86.ActiveCfg = Debug|Win32
		{1967D61A-FB64-463C-BB3C-BB6E90FBC76F}.Debug|x86.Build.0 = Debug|Win32
		{1967D61A-FB64-463C-BB3C-BB6E90FBC76F}.Release|Any CPU.ActiveCfg = Release|Win32
		{1967D61A-FB64-463C-BB3C-BB6E90FBC76F}.Release|x64.ActiveCfg = Release|x64
		{1967D61A-FB64-463C-BB3C-BB6E90FBC76F}.Release|x64.Build.0 = Release|x64
		{1967D61A-FB64-463C-BB3C-BB6E90FBC76F}.Release|x86.ActiveCfg = Release|Win32
		{1967D61A-FB64-463C-BB3C-BB6E90FBC76F}.Release|x86.Build.0 = Release|Win32
		{DAAF914A-3986-4B05-9F56-1E3E4A4CAA00}.Debug|Any CPU.ActiveCfg = Debug|Any CPU
		{DAAF914A-3986-4B05-9F56-1E3E4A4CAA00}.Debug|Any CPU.Build.0 = Debug|Any CPU
		{DAAF914A-3986-4B05-9F56-1E3E4A4CAA00}.Debug|x64.ActiveCfg = Debug|Any CPU
		{DAAF914A-3986-4B05-9F56-1E3E4A4CAA00}.Debug|x64.Build.0 = Debug|Any CPU
		{DAAF914A-3986-4B05-9F56-1E3E4A4CAA00}.Debug|x86.ActiveCfg = Debug|Any CPU
		{DAAF914A-3986-4B05-9F56-1E3E4A4CAA00}.Debug|x86.Build.0 = Debug|Any CPU
		{DAAF914A-3986-4B05-9F56-1E3E4A4CAA00}.Release|Any CPU.ActiveCfg = Release|Any CPU
		{DAAF914A-3986-4B05-9F56-1E3E4A4CAA00}.Release|Any CPU.Build.0 = Release|Any CPU
		{DAAF914A-3986-4B05-9F56-1E3E4A4CAA00}.Release|x64.ActiveCfg = Release|Any CPU
		{DAAF914A-3986-4B05-9F56-1E3E4A4CAA00}.Release|x64.Build.0 = Release|Any CPU
		{DAAF914A-3986-4B05-9F56-1E3E4A4CAA00}.Release|x86.ActiveCfg = Release|Any CPU
		{DAAF914A-3986-4B05-9F56-1E3E4A4CAA00}.Release|x86.Build.0 = Release|Any CPU
		{F513BF02-FDB6-4862-AE99-076D90561EB3}.Debug|Any CPU.ActiveCfg = Debug|Any CPU
		{F513BF02-FDB6-4862-AE99-076D90561EB3}.Debug|Any CPU.Build.0 = Debug|Any CPU
		{F513BF02-FDB6-4862-AE99-076D90561EB3}.Debug|x64.ActiveCfg = Debug|Any CPU
		{F513BF02-FDB6-4862-AE99-076D90561EB3}.Debug|x64.Build.0 = Debug|Any CPU
		{F513BF02-FDB6-4862-AE99-076D90561EB3}.Debug|x86.ActiveCfg = Debug|Any CPU
		{F513BF02-FDB6-4862-AE99-076D90561EB3}.Debug|x86.Build.0 = Debug|Any CPU
		{F513BF02-FDB6-4862-AE99-076D90561EB3}.Release|Any CPU.ActiveCfg = Release|Any CPU
		{F513BF02-FDB6-4862-AE99-076D90561EB3}.Release|Any CPU.Build.0 = Release|Any CPU
		{F513BF02-FDB6-4862-AE99-076D90561EB3}.Release|x64.ActiveCfg = Release|Any CPU
		{F513BF02-FDB6-4862-AE99-076D90561EB3}.Release|x64.Build.0 = Release|Any CPU
		{F513BF02-FDB6-4862-AE99-076D90561EB3}.Release|x86.ActiveCfg = Release|Any CPU
		{F513BF02-FDB6-4862-AE99-076D90561EB3}.Release|x86.Build.0 = Release|Any CPU
	EndGlobalSection
	GlobalSection(SolutionProperties) = preSolution
		HideSolutionNode = FALSE
	EndGlobalSection
	GlobalSection(ExtensibilityGlobals) = postSolution
		SolutionGuid = {6E4EC6CA-21E3-4A3F-8FBB-0BCAEACB7832}
	EndGlobalSection
EndGlobal
